
Microsoft Visual Studio Solution File, Format Version 12.00
# Visual Studio 14
VisualStudioVersion = 14.0.25420.1
MinimumVisualStudioVersion = 10.0.40219.1
Project("{FAE04EC0-301F-11D3-BF4B-00C04F79EFBC}") = "WebRequestAPIProfiler", "WebRequestAPIProfiler\WebRequestAPIProfiler.csproj", "{644D3409-5486-4B87-B081-56420258458E}"
EndProject
Project("{FAE04EC0-301F-11D3-BF4B-00C04F79EFBC}") = "WebRequestGetOrderStatusProfiler", "WebRequestGetOrderStatusProfiler\WebRequestGetOrderStatusProfiler.csproj", "{6B2DB257-4FA5-4AB6-93AF-036C9D1D87FE}"
EndProject
Project("{FAE04EC0-301F-11D3-BF4B-00C04F79EFBC}") = "WebRequestDAO", "WebRequestDAO\WebRequestDAO.csproj", "{72ABA552-B5FA-4605-9D3D-922F5A538B48}"
EndProject
Project("{FAE04EC0-301F-11D3-BF4B-00C04F79EFBC}") = "WebRequestDTO", "WebRequestDTO\WebRequestDTO.csproj", "{662DA8A3-D221-4133-B1E7-BBAA173BE11C}"
EndProject
Project("{2150E333-8FDC-42A3-9474-1A3956D46DE8}") = "3 - ConsoleApps", "3 - ConsoleApps", "{B9080176-244E-4CE2-97B3-08A631075242}"
EndProject
Project("{2150E333-8FDC-42A3-9474-1A3956D46DE8}") = "2 - DAO", "2 - DAO", "{D0FEE09F-BD30-4444-9EDD-A2FCA303EC33}"
EndProject
Project("{2150E333-8FDC-42A3-9474-1A3956D46DE8}") = "2 - DTO", "2 - DTO", "{FAB17897-49AD-42D5-9977-50B02A675A85}"
EndProject
Project("{2150E333-8FDC-42A3-9474-1A3956D46DE8}") = "4 - Infra", "4 - Infra", "{B3897DD2-0C1A-41F0-9A0F-1AE2EFA29AC9}"
EndProject
Project("{FAE04EC0-301F-11D3-BF4B-00C04F79EFBC}") = "WebRequestLogger", "WebRequestLogger\WebRequestLogger.csproj", "{20CDB824-9A70-4805-B092-812C921CBC7E}"
EndProject
Global
	GlobalSection(SolutionConfigurationPlatforms) = preSolution
		Debug|Any CPU = Debug|Any CPU
		Release|Any CPU = Release|Any CPU
	EndGlobalSection
	GlobalSection(ProjectConfigurationPlatforms) = postSolution
		{644D3409-5486-4B87-B081-56420258458E}.Debug|Any CPU.ActiveCfg = Debug|Any CPU
		{644D3409-5486-4B87-B081-56420258458E}.Debug|Any CPU.Build.0 = Debug|Any CPU
		{644D3409-5486-4B87-B081-56420258458E}.Release|Any CPU.ActiveCfg = Release|Any CPU
		{644D3409-5486-4B87-B081-56420258458E}.Release|Any CPU.Build.0 = Release|Any CPU
		{6B2DB257-4FA5-4AB6-93AF-036C9D1D87FE}.Debug|Any CPU.ActiveCfg = Debug|Any CPU
		{6B2DB257-4FA5-4AB6-93AF-036C9D1D87FE}.Debug|Any CPU.Build.0 = Debug|Any CPU
		{6B2DB257-4FA5-4AB6-93AF-036C9D1D87FE}.Release|Any CPU.ActiveCfg = Release|Any CPU
		{6B2DB257-4FA5-4AB6-93AF-036C9D1D87FE}.Release|Any CPU.Build.0 = Release|Any CPU
		{72ABA552-B5FA-4605-9D3D-922F5A538B48}.Debug|Any CPU.ActiveCfg = Debug|Any CPU
		{72ABA552-B5FA-4605-9D3D-922F5A538B48}.Debug|Any CPU.Build.0 = Debug|Any CPU
		{72ABA552-B5FA-4605-9D3D-922F5A538B48}.Release|Any CPU.ActiveCfg = Release|Any CPU
		{72ABA552-B5FA-4605-9D3D-922F5A538B48}.Release|Any CPU.Build.0 = Release|Any CPU
		{662DA8A3-D221-4133-B1E7-BBAA173BE11C}.Debug|Any CPU.ActiveCfg = Debug|Any CPU
		{662DA8A3-D221-4133-B1E7-BBAA173BE11C}.Debug|Any CPU.Build.0 = Debug|Any CPU
		{662DA8A3-D221-4133-B1E7-BBAA173BE11C}.Release|Any CPU.ActiveCfg = Release|Any CPU
		{662DA8A3-D221-4133-B1E7-BBAA173BE11C}.Release|Any CPU.Build.0 = Release|Any CPU
		{20CDB824-9A70-4805-B092-812C921CBC7E}.Debug|Any CPU.ActiveCfg = Debug|Any CPU
		{20CDB824-9A70-4805-B092-812C921CBC7E}.Debug|Any CPU.Build.0 = Debug|Any CPU
		{20CDB824-9A70-4805-B092-812C921CBC7E}.Release|Any CPU.ActiveCfg = Release|Any CPU
		{20CDB824-9A70-4805-B092-812C921CBC7E}.Release|Any CPU.Build.0 = Release|Any CPU
	EndGlobalSection
	GlobalSection(SolutionProperties) = preSolution
		HideSolutionNode = FALSE
	EndGlobalSection
	GlobalSection(NestedProjects) = preSolution
		{644D3409-5486-4B87-B081-56420258458E} = {B9080176-244E-4CE2-97B3-08A631075242}
		{6B2DB257-4FA5-4AB6-93AF-036C9D1D87FE} = {B9080176-244E-4CE2-97B3-08A631075242}
		{72ABA552-B5FA-4605-9D3D-922F5A538B48} = {D0FEE09F-BD30-4444-9EDD-A2FCA303EC33}
		{662DA8A3-D221-4133-B1E7-BBAA173BE11C} = {FAB17897-49AD-42D5-9977-50B02A675A85}
	EndGlobalSection
EndGlobal
